Microsoft Visual Studio Solution File, Format Version 12.00
# Visual Studio Version 17
VisualStudioVersion = 17.8.34511.84
MinimumVisualStudioVersion = 10.0.40219.1
Project("{9A19103F-16F7-4668-BE54-9A1E7A4F7556}") = "Web", "CanvasAccountRegistration.Web\Web.csproj", "{06E05DDF-9BBF-49F0-B758-A0EF05CCE532}"
EndProject
Project("{9A19103F-16F7-4668-BE54-9A1E7A4F7556}") = "Logic", "CanvasAccountRegistration.Logic\Logic.csproj", "{BA538C11-2A5A-4083-8AA0-0E4C2EF9DA3A}"
EndProject
Project("{9A19103F-16F7-4668-BE54-9A1E7A4F7556}") = "Test", "CanvasAccountRegistration.Test\Test.csproj", "{FB265C7F-BD75-462A-90E9-2012682FC8CE}"
EndProject
Global
	GlobalSection(SolutionConfigurationPlatforms) = preSolution
		Debug|Any CPU = Debug|Any CPU
		Release|Any CPU = Release|Any CPU
	EndGlobalSection
	GlobalSection(ProjectConfigurationPlatforms) = postSolution
		{06E05DDF-9BBF-49F0-B758-A0EF05CCE532}.Debug|Any CPU.ActiveCfg = Debug|Any CPU
		{06E05DDF-9BBF-49F0-B758-A0EF05CCE532}.Debug|Any CPU.Build.0 = Debug|Any CPU
		{06E05DDF-9BBF-49F0-B758-A0EF05CCE532}.Release|Any CPU.ActiveCfg = Release|Any CPU
		{06E05DDF-9BBF-49F0-B758-A0EF05CCE532}.Release|Any CPU.Build.0 = Release|Any CPU
		{BA538C11-2A5A-4083-8AA0-0E4C2EF9DA3A}.Debug|Any CPU.ActiveCfg = Debug|Any CPU
		{BA538C11-2A5A-4083-8AA0-0E4C2EF9DA3A}.Debug|Any CPU.Build.0 = Debug|Any CPU
		{BA538C11-2A5A-4083-8AA0-0E4C2EF9DA3A}.Release|Any CPU.ActiveCfg = Release|Any CPU
		{BA538C11-2A5A-4083-8AA0-0E4C2EF9DA3A}.Release|Any CPU.Build.0 = Release|Any CPU
		{FB265C7F-BD75-462A-90E9-2012682FC8CE}.Debug|Any CPU.ActiveCfg = Debug|Any CPU
		{FB265C7F-BD75-462A-90E9-2012682FC8CE}.Debug|Any CPU.Build.0 = Debug|Any CPU
		{FB265C7F-BD75-462A-90E9-2012682FC8CE}.Release|Any CPU.ActiveCfg = Release|Any CPU
		{FB265C7F-BD75-462A-90E9-2012682FC8CE}.Release|Any CPU.Build.0 = Release|Any CPU
	EndGlobalSection
	GlobalSection(SolutionProperties) = preSolution
		HideSolutionNode = FALSE
	EndGlobalSection
EndGlobal
